# generated by rye
# use `rye lock` or `rye sync` to update this lockfile
#
# last locked with the following flags:
#   pre: false
#   features: []
#   all-features: false
#   with-sources: false
#   generate-hashes: false
#   universal: false

-e file:.
ass==0.5.4
    # via subtitles
certifi==2024.8.30
    # via requests
chardet==5.2.0
    # via pysrt
charset-normalizer==3.3.2
    # via requests
click==8.1.7
    # via drissionpage
colorama==0.4.6
    # via click
    # via tqdm
cssselect==1.2.0
    # via drissionpage
datarecorder==3.5.3
    # via downloadkit
downloadkit==2.0.4
    # via drissionpage
drissionpage==4.1.0.5
    # via subtitles
et-xmlfile==1.1.0
    # via openpyxl
filelock==3.16.1
    # via tldextract
idna==3.10
    # via requests
    # via tldextract
lxml==5.3.0
    # via drissionpage
markdown-it-py==3.0.0
    # via rich
mdurl==0.1.2
    # via markdown-it-py
nuitka==2.4.8
opencc-python-reimplemented==0.1.7
    # via subtitles
openpyxl==3.1.5
    # via datarecorder
ordered-set==4.1.0
    # via nuitka
psutil==6.0.0
    # via drissionpage
pygments==2.18.0
    # via rich
pypandoc==1.13
    # via subtitles
pysrt==1.1.2
    # via subtitles
requests==2.32.3
    # via downloadkit
    # via drissionpage
    # via requests-file
    # via tldextract
requests-file==2.1.0
    # via tldextract
rich==13.8.1
    # via subtitles
setuptools==75.1.0
    # via ass
tldextract==5.1.2
    # via drissionpage
tqdm==4.66.5
    # via subtitles
urllib3==2.2.3
    # via requests
websocket-client==1.8.0
    # via drissionpage
webvtt-py==0.5.1
    # via subtitles
zstandard==0.23.0
    # via nuitka
